
Microsoft Visual Studio Solution File, Format Version 12.00
# Visual Studio 15
Project("{FAE04EC0-301F-11D3-BF4B-00C04F79EFBC}") = "UnityEngine.TestRunner", "UnityEngine.TestRunner.csproj", "{80E744C4-3721-F53A-99C0-B500914D3D01}"
EndProject
Project("{FAE04EC0-301F-11D3-BF4B-00C04F79EFBC}") = "Unity.Timeline", "Unity.Timeline.csproj", "{AA04CEE6-4FF3-C475-B2B6-DDCA5F258834}"
EndProject
Project("{FAE04EC0-301F-11D3-BF4B-00C04F79EFBC}") = "Unity.TextMeshPro", "Unity.TextMeshPro.csproj", "{417F501C-620C-64C3-41F2-9D2DA82327C0}"
EndProject
Project("{FAE04EC0-301F-11D3-BF4B-00C04F79EFBC}") = "UnityEditor.TestRunner", "UnityEditor.TestRunner.csproj", "{9E9C935D-B11A-F82E-E483-7F6F6890506B}"
EndProject
Project("{FAE04EC0-301F-11D3-BF4B-00C04F79EFBC}") = "Unity.PlasticSCM.Editor", "Unity.PlasticSCM.Editor.csproj", "{A1731B48-2A77-3522-2F23-7B88770F64F6}"
EndProject
Project("{FAE04EC0-301F-11D3-BF4B-00C04F79EFBC}") = "Unity.Services.Core.Editor", "Unity.Services.Core.Editor.csproj", "{DB28271E-96EC-BFA5-6268-1E8A2E565FD1}"
EndProject
Project("{FAE04EC0-301F-11D3-BF4B-00C04F79EFBC}") = "Unity.Timeline.Editor", "Unity.Timeline.Editor.csproj", "{384CCD7F-6010-3B4B-2B6F-8880CBE5AC9A}"
EndProject
Project("{FAE04EC0-301F-11D3-BF4B-00C04F79EFBC}") = "Unity.VisualStudio.Editor", "Unity.VisualStudio.Editor.csproj", "{3AE2A656-4F76-22B5-3A8D-626519C5D5D3}"
EndProject
Project("{FAE04EC0-301F-11D3-BF4B-00C04F79EFBC}") = "Unity.TextMeshPro.Editor", "Unity.TextMeshPro.Editor.csproj", "{64054811-398D-D913-5CA5-3957ACE0D46E}"
EndProject
Project("{FAE04EC0-301F-11D3-BF4B-00C04F79EFBC}") = "Unity.CollabProxy.Editor", "Unity.CollabProxy.Editor.csproj", "{50DE1E19-41F4-4872-F61B-28800E1864A5}"
EndProject
Project("{FAE04EC0-301F-11D3-BF4B-00C04F79EFBC}") = "Unity.Rider.Editor", "Unity.Rider.Editor.csproj", "{EE2088D5-B749-E1CF-AB02-306FDD31FC25}"
EndProject
Project("{FAE04EC0-301F-11D3-BF4B-00C04F79EFBC}") = "Unity.VSCode.Editor", "Unity.VSCode.Editor.csproj", "{AE835EB7-414A-217E-DB70-599BAD501564}"
EndProject
Global
	GlobalSection(SolutionConfigurationPlatforms) = preSolution
		Debug|Any CPU = Debug|Any CPU
		Release|Any CPU = Release|Any CPU
	EndGlobalSection
	GlobalSection(ProjectConfigurationPlatforms) = postSolution
		{80E744C4-3721-F53A-99C0-B500914D3D01}.Debug|Any CPU.ActiveCfg = Debug|Any CPU
		{80E744C4-3721-F53A-99C0-B500914D3D01}.Debug|Any CPU.Build.0 = Debug|Any CPU
		{80E744C4-3721-F53A-99C0-B500914D3D01}.Release|Any CPU.ActiveCfg = Release|Any CPU
		{80E744C4-3721-F53A-99C0-B500914D3D01}.Release|Any CPU.Build.0 = Release|Any CPU
		{AA04CEE6-4FF3-C475-B2B6-DDCA5F258834}.Debug|Any CPU.ActiveCfg = Debug|Any CPU
		{AA04CEE6-4FF3-C475-B2B6-DDCA5F258834}.Debug|Any CPU.Build.0 = Debug|Any CPU
		{AA04CEE6-4FF3-C475-B2B6-DDCA5F258834}.Release|Any CPU.ActiveCfg = Release|Any CPU
		{AA04CEE6-4FF3-C475-B2B6-DDCA5F258834}.Release|Any CPU.Build.0 = Release|Any CPU
		{417F501C-620C-64C3-41F2-9D2DA82327C0}.Debug|Any CPU.ActiveCfg = Debug|Any CPU
		{417F501C-620C-64C3-41F2-9D2DA82327C0}.Debug|Any CPU.Build.0 = Debug|Any CPU
		{417F501C-620C-64C3-41F2-9D2DA82327C0}.Release|Any CPU.ActiveCfg = Release|Any CPU
		{417F501C-620C-64C3-41F2-9D2DA82327C0}.Release|Any CPU.Build.0 = Release|Any CPU
		{9E9C935D-B11A-F82E-E483-7F6F6890506B}.Debug|Any CPU.ActiveCfg = Debug|Any CPU
		{9E9C935D-B11A-F82E-E483-7F6F6890506B}.Debug|Any CPU.Build.0 = Debug|Any CPU
		{9E9C935D-B11A-F82E-E483-7F6F6890506B}.Release|Any CPU.ActiveCfg = Release|Any CPU
		{9E9C935D-B11A-F82E-E483-7F6F6890506B}.Release|Any CPU.Build.0 = Release|Any CPU
		{A1731B48-2A77-3522-2F23-7B88770F64F6}.Debug|Any CPU.ActiveCfg = Debug|Any CPU
		{A1731B48-2A77-3522-2F23-7B88770F64F6}.Debug|Any CPU.Build.0 = Debug|Any CPU
		{A1731B48-2A77-3522-2F23-7B88770F64F6}.Release|Any CPU.ActiveCfg = Release|Any CPU
		{A1731B48-2A77-3522-2F23-7B88770F64F6}.Release|Any CPU.Build.0 = Release|Any CPU
		{DB28271E-96EC-BFA5-6268-1E8A2E565FD1}.Debug|Any CPU.ActiveCfg = Debug|Any CPU
		{DB28271E-96EC-BFA5-6268-1E8A2E565FD1}.Debug|Any CPU.Build.0 = Debug|Any CPU
		{DB28271E-96EC-BFA5-6268-1E8A2E565FD1}.Release|Any CPU.ActiveCfg = Release|Any CPU
		{DB28271E-96EC-BFA5-6268-1E8A2E565FD1}.Release|Any CPU.Build.0 = Release|Any CPU
		{384CCD7F-6010-3B4B-2B6F-8880CBE5AC9A}.Debug|Any CPU.ActiveCfg = Debug|Any CPU
		{384CCD7F-6010-3B4B-2B6F-8880CBE5AC9A}.Debug|Any CPU.Build.0 = Debug|Any CPU
		{384CCD7F-6010-3B4B-2B6F-8880CBE5AC9A}.Release|Any CPU.ActiveCfg = Release|Any CPU
		{384CCD7F-6010-3B4B-2B6F-8880CBE5AC9A}.Release|Any CPU.Build.0 = Release|Any CPU
		{3AE2A656-4F76-22B5-3A8D-626519C5D5D3}.Debug|Any CPU.ActiveCfg = Debug|Any CPU
		{3AE2A656-4F76-22B5-3A8D-626519C5D5D3}.Debug|Any CPU.Build.0 = Debug|Any CPU
		{3AE2A656-4F76-22B5-3A8D-626519C5D5D3}.Release|Any CPU.ActiveCfg = Release|Any CPU
		{3AE2A656-4F76-22B5-3A8D-626519C5D5D3}.Release|Any CPU.Build.0 = Release|Any CPU
		{64054811-398D-D913-5CA5-3957ACE0D46E}.Debug|Any CPU.ActiveCfg = Debug|Any CPU
		{64054811-398D-D913-5CA5-3957ACE0D46E}.Debug|Any CPU.Build.0 = Debug|Any CPU
		{64054811-398D-D913-5CA5-3957ACE0D46E}.Release|Any CPU.ActiveCfg = Release|Any CPU
		{64054811-398D-D913-5CA5-3957ACE0D46E}.Release|Any CPU.Build.0 = Release|Any CPU
		{50DE1E19-41F4-4872-F61B-28800E1864A5}.Debug|Any CPU.ActiveCfg = Debug|Any CPU
		{50DE1E19-41F4-4872-F61B-28800E1864A5}.Debug|Any CPU.Build.0 = Debug|Any CPU
		{50DE1E19-41F4-4872-F61B-28800E1864A5}.Release|Any CPU.ActiveCfg = Release|Any CPU
		{50DE1E19-41F4-4872-F61B-28800E1864A5}.Release|Any CPU.Build.0 = Release|Any CPU
		{EE2088D5-B749-E1CF-AB02-306FDD31FC25}.Debug|Any CPU.ActiveCfg = Debug|Any CPU
		{EE2088D5-B749-E1CF-AB02-306FDD31FC25}.Debug|Any CPU.Build.0 = Debug|Any CPU
		{EE2088D5-B749-E1CF-AB02-306FDD31FC25}.Release|Any CPU.ActiveCfg = Release|Any CPU
		{EE2088D5-B749-E1CF-AB02-306FDD31FC25}.Release|Any CPU.Build.0 = Release|Any CPU
		{AE835EB7-414A-217E-DB70-599BAD501564}.Debug|Any CPU.ActiveCfg = Debug|Any CPU
		{AE835EB7-414A-217E-DB70-599BAD501564}.Debug|Any CPU.Build.0 = Debug|Any CPU
		{AE835EB7-414A-217E-DB70-599BAD501564}.Release|Any CPU.ActiveCfg = Release|Any CPU
		{AE835EB7-414A-217E-DB70-599BAD501564}.Release|Any CPU.Build.0 = Release|Any CPU
	EndGlobalSection
	GlobalSection(SolutionProperties) = preSolution
		HideSolutionNode = FALSE
	EndGlobalSection
EndGlobal
